
Microsoft Visual Studio Solution File, Format Version 12.00
# Visual Studio Version 17
VisualStudioVersion = 17.0.31912.275
MinimumVisualStudioVersion = 10.0.40219.1
Project("{FAE04EC0-301F-11D3-BF4B-00C04F79EFBC}") = "RavenDB.Client.ConApp", "RavenDB.Client.ConApp\RavenDB.Client.ConApp.csproj", "{02E0D28C-4572-47FA-9F89-8F04C683AC54}"
EndProject
Project("{FAE04EC0-301F-11D3-BF4B-00C04F79EFBC}") = "RavenDB.Client.Contracts", "RavenDB.Client.Contracts\RavenDB.Client.Contracts.csproj", "{4CEE4F8A-D34D-47E3-82B5-E6573A69A2F3}"
EndProject
Project("{FAE04EC0-301F-11D3-BF4B-00C04F79EFBC}") = "RavenDB.Client.Logic", "RavenDB.Client.Logic\RavenDB.Client.Logic.csproj", "{23AB8CC8-94F7-4630-95C8-1E31E7102BA8}"
EndProject
Global
	GlobalSection(SolutionConfigurationPlatforms) = preSolution
		Debug|Any CPU = Debug|Any CPU
		Release|Any CPU = Release|Any CPU
	EndGlobalSection
	GlobalSection(ProjectConfigurationPlatforms) = postSolution
		{02E0D28C-4572-47FA-9F89-8F04C683AC54}.Debug|Any CPU.ActiveCfg = Debug|Any CPU
		{02E0D28C-4572-47FA-9F89-8F04C683AC54}.Debug|Any CPU.Build.0 = Debug|Any CPU
		{02E0D28C-4572-47FA-9F89-8F04C683AC54}.Release|Any CPU.ActiveCfg = Release|Any CPU
		{02E0D28C-4572-47FA-9F89-8F04C683AC54}.Release|Any CPU.Build.0 = Release|Any CPU
		{4CEE4F8A-D34D-47E3-82B5-E6573A69A2F3}.Debug|Any CPU.ActiveCfg = Debug|Any CPU
		{4CEE4F8A-D34D-47E3-82B5-E6573A69A2F3}.Debug|Any CPU.Build.0 = Debug|Any CPU
		{4CEE4F8A-D34D-47E3-82B5-E6573A69A2F3}.Release|Any CPU.ActiveCfg = Release|Any CPU
		{4CEE4F8A-D34D-47E3-82B5-E6573A69A2F3}.Release|Any CPU.Build.0 = Release|Any CPU
		{23AB8CC8-94F7-4630-95C8-1E31E7102BA8}.Debug|Any CPU.ActiveCfg = Debug|Any CPU
		{23AB8CC8-94F7-4630-95C8-1E31E7102BA8}.Debug|Any CPU.Build.0 = Debug|Any CPU
		{23AB8CC8-94F7-4630-95C8-1E31E7102BA8}.Release|Any CPU.ActiveCfg = Release|Any CPU
		{23AB8CC8-94F7-4630-95C8-1E31E7102BA8}.Release|Any CPU.Build.0 = Release|Any CPU
	EndGlobalSection
	GlobalSection(SolutionProperties) = preSolution
		HideSolutionNode = FALSE
	EndGlobalSection
	GlobalSection(ExtensibilityGlobals) = postSolution
		SolutionGuid = {2DB41A3E-02C9-4B72-B0F3-1369884CB990}
	EndGlobalSection
EndGlobal
